
Microsoft Visual Studio Solution File, Format Version 12.00
# Visual Studio 15
Project("{FAE04EC0-301F-11D3-BF4B-00C04F79EFBC}") = "UnleashThePowerOfSkia.Android", "UnleashThePowerOfSkia.Android\UnleashThePowerOfSkia.Android.csproj", "{4F4AB534-E052-4849-BC91-81197A03D6A9}"
EndProject
Project("{FAE04EC0-301F-11D3-BF4B-00C04F79EFBC}") = "UnleashThePowerOfSkia.iOS", "UnleashThePowerOfSkia.iOS\UnleashThePowerOfSkia.iOS.csproj", "{484D4D13-D8EA-4EF6-B2F1-E8964D160442}"
EndProject
Project("{FAE04EC0-301F-11D3-BF4B-00C04F79EFBC}") = "UnleashThePowerOfSkia", "UnleashThePowerOfSkia\UnleashThePowerOfSkia.csproj", "{3C8F1D49-F475-415E-9CFB-B337BB9935E4}"
EndProject
Global
	GlobalSection(SolutionConfigurationPlatforms) = preSolution
		Debug|Any CPU = Debug|Any CPU
		Release|Any CPU = Release|Any CPU
		Debug|iPhoneSimulator = Debug|iPhoneSimulator
		Release|iPhoneSimulator = Release|iPhoneSimulator
		Debug|iPhone = Debug|iPhone
		Release|iPhone = Release|iPhone
	EndGlobalSection
	GlobalSection(ProjectConfigurationPlatforms) = postSolution
		{4F4AB534-E052-4849-BC91-81197A03D6A9}.Debug|Any CPU.ActiveCfg = Debug|Any CPU
		{4F4AB534-E052-4849-BC91-81197A03D6A9}.Debug|Any CPU.Build.0 = Debug|Any CPU
		{4F4AB534-E052-4849-BC91-81197A03D6A9}.Release|Any CPU.ActiveCfg = Release|Any CPU
		{4F4AB534-E052-4849-BC91-81197A03D6A9}.Release|Any CPU.Build.0 = Release|Any CPU
		{4F4AB534-E052-4849-BC91-81197A03D6A9}.Debug|iPhoneSimulator.ActiveCfg = Debug|Any CPU
		{4F4AB534-E052-4849-BC91-81197A03D6A9}.Debug|iPhoneSimulator.Build.0 = Debug|Any CPU
		{4F4AB534-E052-4849-BC91-81197A03D6A9}.Release|iPhoneSimulator.ActiveCfg = Release|Any CPU
		{4F4AB534-E052-4849-BC91-81197A03D6A9}.Release|iPhoneSimulator.Build.0 = Release|Any CPU
		{4F4AB534-E052-4849-BC91-81197A03D6A9}.Debug|iPhone.ActiveCfg = Debug|Any CPU
		{4F4AB534-E052-4849-BC91-81197A03D6A9}.Debug|iPhone.Build.0 = Debug|Any CPU
		{4F4AB534-E052-4849-BC91-81197A03D6A9}.Release|iPhone.ActiveCfg = Release|Any CPU
		{4F4AB534-E052-4849-BC91-81197A03D6A9}.Release|iPhone.Build.0 = Release|Any CPU
		{484D4D13-D8EA-4EF6-B2F1-E8964D160442}.Debug|Any CPU.ActiveCfg = Debug|iPhoneSimulator
		{484D4D13-D8EA-4EF6-B2F1-E8964D160442}.Debug|Any CPU.Build.0 = Debug|iPhoneSimulator
		{484D4D13-D8EA-4EF6-B2F1-E8964D160442}.Release|Any CPU.ActiveCfg = Release|iPhoneSimulator
		{484D4D13-D8EA-4EF6-B2F1-E8964D160442}.Release|Any CPU.Build.0 = Release|iPhoneSimulator
		{484D4D13-D8EA-4EF6-B2F1-E8964D160442}.Debug|iPhoneSimulator.ActiveCfg = Debug|iPhoneSimulator
		{484D4D13-D8EA-4EF6-B2F1-E8964D160442}.Debug|iPhoneSimulator.Build.0 = Debug|iPhoneSimulator
		{484D4D13-D8EA-4EF6-B2F1-E8964D160442}.Release|iPhoneSimulator.ActiveCfg = Release|iPhoneSimulator
		{484D4D13-D8EA-4EF6-B2F1-E8964D160442}.Release|iPhoneSimulator.Build.0 = Release|iPhoneSimulator
		{484D4D13-D8EA-4EF6-B2F1-E8964D160442}.Debug|iPhone.ActiveCfg = Debug|iPhone
		{484D4D13-D8EA-4EF6-B2F1-E8964D160442}.Debug|iPhone.Build.0 = Debug|iPhone
		{484D4D13-D8EA-4EF6-B2F1-E8964D160442}.Release|iPhone.ActiveCfg = Release|iPhone
		{484D4D13-D8EA-4EF6-B2F1-E8964D160442}.Release|iPhone.Build.0 = Release|iPhone
		{3C8F1D49-F475-415E-9CFB-B337BB9935E4}.Debug|Any CPU.ActiveCfg = Debug|Any CPU
		{3C8F1D49-F475-415E-9CFB-B337BB9935E4}.Debug|Any CPU.Build.0 = Debug|Any CPU
		{3C8F1D49-F475-415E-9CFB-B337BB9935E4}.Release|Any CPU.ActiveCfg = Release|Any CPU
		{3C8F1D49-F475-415E-9CFB-B337BB9935E4}.Release|Any CPU.Build.0 = Release|Any CPU
		{3C8F1D49-F475-415E-9CFB-B337BB9935E4}.Debug|iPhoneSimulator.ActiveCfg = Debug|Any CPU
		{3C8F1D49-F475-415E-9CFB-B337BB9935E4}.Debug|iPhoneSimulator.Build.0 = Debug|Any CPU
		{3C8F1D49-F475-415E-9CFB-B337BB9935E4}.Release|iPhoneSimulator.ActiveCfg = Release|Any CPU
		{3C8F1D49-F475-415E-9CFB-B337BB9935E4}.Release|iPhoneSimulator.Build.0 = Release|Any CPU
		{3C8F1D49-F475-415E-9CFB-B337BB9935E4}.Debug|iPhone.ActiveCfg = Debug|Any CPU
		{3C8F1D49-F475-415E-9CFB-B337BB9935E4}.Debug|iPhone.Build.0 = Debug|Any CPU
		{3C8F1D49-F475-415E-9CFB-B337BB9935E4}.Release|iPhone.ActiveCfg = Release|Any CPU
		{3C8F1D49-F475-415E-9CFB-B337BB9935E4}.Release|iPhone.Build.0 = Release|Any CPU
	EndGlobalSection
EndGlobal
